
Microsoft Visual Studio Solution File, Format Version 12.00
# Visual Studio Version 17
VisualStudioVersion = 17.7.34003.232
MinimumVisualStudioVersion = 10.0.40219.1
Project("{FAE04EC0-301F-11D3-BF4B-00C04F79EFBC}") = "WHD Assistant WPF", "WHD Assistant WPF.csproj", "{A3BBBE7D-C7FD-4336-9B99-2F4A74CF71A6}"
EndProject
Project("{FAE04EC0-301F-11D3-BF4B-00C04F79EFBC}") = "WHD Assistant Launcher2", "..\WHD Assistant Launcher2\WHD Assistant Launcher2.csproj", "{5690197B-C8AD-4292-BB54-6BD29BFC72EC}"
EndProject
Global
	GlobalSection(SolutionConfigurationPlatforms) = preSolution
		Debug|Any CPU = Debug|Any CPU
		Release|Any CPU = Release|Any CPU
	EndGlobalSection
	GlobalSection(ProjectConfigurationPlatforms) = postSolution
		{A3BBBE7D-C7FD-4336-9B99-2F4A74CF71A6}.Debug|Any CPU.ActiveCfg = Debug|Any CPU
		{A3BBBE7D-C7FD-4336-9B99-2F4A74CF71A6}.Debug|Any CPU.Build.0 = Debug|Any CPU
		{A3BBBE7D-C7FD-4336-9B99-2F4A74CF71A6}.Release|Any CPU.ActiveCfg = Release|Any CPU
		{A3BBBE7D-C7FD-4336-9B99-2F4A74CF71A6}.Release|Any CPU.Build.0 = Release|Any CPU
		{5690197B-C8AD-4292-BB54-6BD29BFC72EC}.Debug|Any CPU.ActiveCfg = Debug|Any CPU
		{5690197B-C8AD-4292-BB54-6BD29BFC72EC}.Debug|Any CPU.Build.0 = Debug|Any CPU
		{5690197B-C8AD-4292-BB54-6BD29BFC72EC}.Release|Any CPU.ActiveCfg = Release|Any CPU
		{5690197B-C8AD-4292-BB54-6BD29BFC72EC}.Release|Any CPU.Build.0 = Release|Any CPU
	EndGlobalSection
	GlobalSection(SolutionProperties) = preSolution
		HideSolutionNode = FALSE
	EndGlobalSection
	GlobalSection(ExtensibilityGlobals) = postSolution
		SolutionGuid = {8AF6BD97-38C5-4F0C-B311-018C705CD1AD}
	EndGlobalSection
EndGlobal
